# N64GAME dialogue once-bit lock v1
# Append-only. Columns: bit_index|owner_dialogue_id|state|repeat_dialogue_id
0|SERA_RUSK_RETURN_001|LIVE|0
1|HELP_MOVE|LIVE|0
2|HELP_CAMERA|LIVE|0
3|HELP_PAUSE|LIVE|0
4|HELP_PARTY|LIVE|0
5|HELP_SAVE|LIVE|0
6|HELP_MAP|LIVE|0
7|SERA_DEPART_001|LIVE|0
8|RUSK_ENTRY_003|LIVE|0
9|TAVI_EXIT_001|LIVE|RETURN_SKIMMER_REPEAT_001
