# N64GAME examine once-bit lock v1
# Append-only. Columns: bit_index|owner_interaction_id|state|repeat_dialogue_id
0|INT_EX_ANNEX_SIM|LIVE|ANNEX_EX_SIM
1|INT_EX_ANNEX_MONITOR|LIVE|ANNEX_EX_MONITOR
2|INT_EX_ANNEX_SOLACE|LIVE|ANNEX_EX_SOLACE
3|INT_EX_ANNEX_CLINIC|LIVE|ANNEX_EX_CLINIC
4|INT_EX_ANNEX_TOOLWALL|LIVE|ANNEX_EX_TOOLWALL
5|INT_EX_ANNEX_PLAYER_ROOM|LIVE|ANNEX_EX_PLAYER_ROOM
6|INT_EX_ANNEX_WINDOW|LIVE|ANNEX_EX_WINDOW
7|INT_EX_ANNEX_LIFT|LIVE|ANNEX_EX_LIFT
8|INT_EX_ESTATE_FOUNTAIN|LIVE|ESTATE_EX_FOUNTAIN
9|INT_EX_ESTATE_WEATHERVANE|LIVE|ESTATE_EX_WEATHERVANE
10|INT_EX_ESTATE_TRACKS|LIVE|ESTATE_EX_TRACKS
11|INT_EX_ESTATE_GARDEN|LIVE|ESTATE_EX_GARDEN
12|INT_EX_ESTATE_DOME|LIVE|ESTATE_EX_DOME
13|INT_EX_ESTATE_PORTRAIT|LIVE|ESTATE_EX_PORTRAIT
14|INT_EX_ESTATE_COMPASS|LIVE|ESTATE_EX_COMPASS
15|INT_EX_ESTATE_WALKDESK|LIVE|ESTATE_EX_WALKDESK
16|INT_EX_ESTATE_BOTTLESTAR|LIVE|ESTATE_EX_BOTTLESTAR
17|INT_EX_ESTATE_RAINCLOCK|LIVE|ESTATE_EX_RAINCLOCK
18|INT_EX_ESTATE_LOGBOOK|LIVE|ESTATE_EX_LOGBOOK
19|INT_EX_ESTATE_TELESCOPE|LIVE|ESTATE_EX_TELESCOPE
