# N64GAME SpawnId lock v1
# Append-only. Columns: numeric_id|symbol|state
0x0101|SPAWN_SIM_INTRO|LIVE
0x0102|SPAWN_SIM_REVEAL|LIVE
0x0201|SPAWN_ANNEX_SIM_POST_TUTORIAL|LIVE
0x0202|SPAWN_ANNEX_SIM_FROM_ATRIUM|LIVE
0x0301|SPAWN_ANNEX_ATRIUM_RETURN|LIVE
0x0302|SPAWN_ANNEX_ATRIUM_POST_CHAPTER|LIVE
0x0303|SPAWN_ANNEX_ATRIUM_FROM_SIM|LIVE
0x0304|SPAWN_ANNEX_ATRIUM_FROM_DIRECTOR|LIVE
0x0305|SPAWN_ANNEX_ATRIUM_FROM_PLAYER_ROOM|LIVE
0x0306|SPAWN_ANNEX_ATRIUM_FROM_CLINIC|LIVE
0x0307|SPAWN_ANNEX_ATRIUM_FROM_WORKSHOP|LIVE
0x0308|SPAWN_ANNEX_ATRIUM_FROM_THRESHOLD|LIVE
0x0309|SPAWN_ANNEX_ATRIUM_ELEVATOR_LOWER|LIVE
0x030A|SPAWN_ANNEX_ATRIUM_ELEVATOR_UPPER|LIVE
0x030B|SPAWN_ANNEX_ATRIUM_TRACE_COMPLETE|LIVE
0x0401|SPAWN_ANNEX_WORKSHOP_RELAY|LIVE
0x0402|SPAWN_ANNEX_WORKSHOP_FROM_ATRIUM|LIVE
0x0501|SPAWN_ANNEX_THRESHOLD_DEPARTURE|LIVE
0x0502|SPAWN_ANNEX_THRESHOLD_FROM_ATRIUM|LIVE
0x0601|SPAWN_ESTATE_COURTYARD_ARRIVAL|LIVE
0x0602|SPAWN_ESTATE_COURTYARD_POST_RUSK|LIVE
0x0603|SPAWN_ESTATE_COURTYARD_FROM_MAP|LIVE
0x0604|SPAWN_ESTATE_COURTYARD_FROM_FOYER|LIVE
0x0605|SPAWN_ESTATE_COURTYARD_BATTLE|LIVE
0x0701|SPAWN_ESTATE_STUDY_TAVI_FOUND|LIVE
0x0702|SPAWN_ESTATE_STUDY_FROM_HALL|LIVE
0x0801|SPAWN_ANNEX_DIRECTOR_FROM_ATRIUM|LIVE
0x0901|SPAWN_ANNEX_PLAYER_ROOM_FROM_ATRIUM|LIVE
0x0A01|SPAWN_ANNEX_CLINIC_FROM_ATRIUM|LIVE
0x0B01|SPAWN_WORLD_MAP_ANNEX_NODE|LIVE
0x0B02|SPAWN_WORLD_MAP_ESTATE_NODE|LIVE
0x0C01|SPAWN_ESTATE_FOYER_FROM_COURTYARD|LIVE
0x0C02|SPAWN_ESTATE_FOYER_FROM_HALL|LIVE
0x0D01|SPAWN_ESTATE_HALL_FROM_FOYER|LIVE
0x0D02|SPAWN_ESTATE_HALL_FROM_STUDY|LIVE
